
Microsoft Visual Studio Solution File, Format Version 12.00
# Visual Studio Version 16
VisualStudioVersion = 16.0.30717.126
MinimumVisualStudioVersion = 10.0.40219.1
Project("{FAE04EC0-301F-11D3-BF4B-00C04F79EFBC}") = "LeBi", "LeBi\LeBi.csproj", "{DF6AD25A-F79E-4DC0-8EE3-DD45E007F12A}"
EndProject
Global
	GlobalSection(SolutionConfigurationPlatforms) = preSolution
		Debug|Any CPU = Debug|Any CPU
		Release|Any CPU = Release|Any CPU
	EndGlobalSection
	GlobalSection(ProjectConfigurationPlatforms) = postSolution
		{DF6AD25A-F79E-4DC0-8EE3-DD45E007F12A}.Debug|Any CPU.ActiveCfg = Debug|Any CPU
		{DF6AD25A-F79E-4DC0-8EE3-DD45E007F12A}.Debug|Any CPU.Build.0 = Debug|Any CPU
		{DF6AD25A-F79E-4DC0-8EE3-DD45E007F12A}.Release|Any CPU.ActiveCfg = Release|Any CPU
		{DF6AD25A-F79E-4DC0-8EE3-DD45E007F12A}.Release|Any CPU.Build.0 = Release|Any CPU
	EndGlobalSection
	GlobalSection(SolutionProperties) = preSolution
		HideSolutionNode = FALSE
	EndGlobalSection
	GlobalSection(ExtensibilityGlobals) = postSolution
		SolutionGuid = {EDC9E828-DE82-4652-9D3B-3199D072FDFE}
	EndGlobalSection
EndGlobal
